// !$*UTF8*$!
{
	archiveVersion = 1;
	classes = {
	};
	objectVersion = 55;
	objects = {

/* Begin PBXBuildFile section */
		87049F97268AF8A500D0671B /* Date+Helpers.swift in Sources */ = {isa = PBXBuildFile; fileRef = 87049F96268AF8A500D0671B /* Date+Helpers.swift */; };
		87049F98268AF8A500D0671B /* Date+Helpers.swift in Sources */ = {isa = PBXBuildFile; fileRef = 87049F96268AF8A500D0671B /* Date+Helpers.swift */; };
		879BA051268A8C24002A93E9 /* GoesToBackgroundApp.swift in Sources */ = {isa = PBXBuildFile; fileRef = 879BA043268A8C21002A93E9 /* GoesToBackgroundApp.swift */; };
		879BA052268A8C24002A93E9 /* GoesToBackgroundApp.swift in Sources */ = {isa = PBXBuildFile; fileRef = 879BA043268A8C21002A93E9 /* GoesToBackgroundApp.swift */; };
		879BA053268A8C24002A93E9 /* NotificationMethodView.swift in Sources */ = {isa = PBXBuildFile; fileRef = 879BA044268A8C21002A93E9 /* NotificationMethodView.swift */; };
		879BA054268A8C24002A93E9 /* NotificationMethodView.swift in Sources */ = {isa = PBXBuildFile; fileRef = 879BA044268A8C21002A93E9 /* NotificationMethodView.swift */; };
		879BA055268A8C24002A93E9 /* Assets.xcassets in Resources */ = {isa = PBXBuildFile; fileRef = 879BA045268A8C24002A93E9 /* Assets.xcassets */; };
		879BA056268A8C24002A93E9 /* Assets.xcassets in Resources */ = {isa = PBXBuildFile; fileRef = 879BA045268A8C24002A93E9 /* Assets.xcassets */; };
		879BA060268A91E3002A93E9 /* ContentView.swift in Sources */ = {isa = PBXBuildFile; fileRef = 879BA05F268A91E3002A93E9 /* ContentView.swift */; };
		879BA061268A91E3002A93E9 /* ContentView.swift in Sources */ = {isa = PBXBuildFile; fileRef = 879BA05F268A91E3002A93E9 /* ContentView.swift */; };
		879BA063268A9246002A93E9 /* ScenePhaseMethod.swift in Sources */ = {isa = PBXBuildFile; fileRef = 879BA062268A9246002A93E9 /* ScenePhaseMethod.swift */; };
		879BA064268A9246002A93E9 /* ScenePhaseMethod.swift in Sources */ = {isa = PBXBuildFile; fileRef = 879BA062268A9246002A93E9 /* ScenePhaseMethod.swift */; };
/* End PBXBuildFile section */

/* Begin PBXFileReference section */
		87049F96268AF8A500D0671B /* Date+Helpers.swift */ = {isa = PBXFileReference; lastKnownFileType = sourcecode.swift; path = "Date+Helpers.swift"; sourceTree = "<group>"; };
		87049F99268B07C400D0671B /* GoesToBackground--iOS--Info.plist */ = {isa = PBXFileReference; lastKnownFileType = text.plist; path = "GoesToBackground--iOS--Info.plist"; sourceTree = "<group>"; };
		879BA043268A8C21002A93E9 /* GoesToBackgroundApp.swift */ = {isa = PBXFileReference; lastKnownFileType = sourcecode.swift; path = GoesToBackgroundApp.swift; sourceTree = "<group>"; };
		879BA044268A8C21002A93E9 /* NotificationMethodView.swift */ = {isa = PBXFileReference; lastKnownFileType = sourcecode.swift; path = NotificationMethodView.swift; sourceTree = "<group>"; };
		879BA045268A8C24002A93E9 /* Assets.xcassets */ = {isa = PBXFileReference; lastKnownFileType = folder.assetcatalog; path = Assets.xcassets; sourceTree = "<group>"; };
		879BA04A268A8C24002A93E9 /* GoesToBackground.app */ = {isa = PBXFileReference; explicitFileType = wrapper.application; includeInIndex = 0; path = GoesToBackground.app; sourceTree = BUILT_PRODUCTS_DIR; };
		879BA050268A8C24002A93E9 /* GoesToBackground.app */ = {isa = PBXFileReference; explicitFileType = wrapper.application; includeInIndex = 0; path = GoesToBackground.app; sourceTree = BUILT_PRODUCTS_DIR; };
		879BA05F268A91E3002A93E9 /* ContentView.swift */ = {isa = PBXFileReference; lastKnownFileType = sourcecode.swift; path = ContentView.swift; sourceTree = "<group>"; };
		879BA062268A9246002A93E9 /* ScenePhaseMethod.swift */ = {isa = PBXFileReference; lastKnownFileType = sourcecode.swift; path = ScenePhaseMethod.swift; sourceTree = "<group>"; };
/* End PBXFileReference section */

/* Begin PBXFrameworksBuildPhase section */
		879BA047268A8C24002A93E9 /* Frameworks */ = {
			isa = PBXFrameworksBuildPhase;
			buildActionMask = 2147483647;
			files = (
			);
			runOnlyForDeploymentPostprocessing = 0;
		};
		879BA04D268A8C24002A93E9 /* Frameworks */ = {
			isa = PBXFrameworksBuildPhase;
			buildActionMask = 2147483647;
			files = (
			);
			runOnlyForDeploymentPostprocessing = 0;
		};
/* End PBXFrameworksBuildPhase section */

/* Begin PBXGroup section */
		879BA03D268A8C20002A93E9 = {
			isa = PBXGroup;
			children = (
				87049F99268B07C400D0671B /* GoesToBackground--iOS--Info.plist */,
				879BA042268A8C21002A93E9 /* Shared */,
				879BA04B268A8C24002A93E9 /* Products */,
			);
			sourceTree = "<group>";
		};
		879BA042268A8C21002A93E9 /* Shared */ = {
			isa = PBXGroup;
			children = (
				879BA043268A8C21002A93E9 /* GoesToBackgroundApp.swift */,
				879BA05F268A91E3002A93E9 /* ContentView.swift */,
				879BA044268A8C21002A93E9 /* NotificationMethodView.swift */,
				879BA062268A9246002A93E9 /* ScenePhaseMethod.swift */,
				879BA045268A8C24002A93E9 /* Assets.xcassets */,
				87049F96268AF8A500D0671B /* Date+Helpers.swift */,
			);
			path = Shared;
			sourceTree = "<group>";
		};
		879BA04B268A8C24002A93E9 /* Products */ = {
			isa = PBXGroup;
			children = (
				879BA04A268A8C24002A93E9 /* GoesToBackground.app */,
				879BA050268A8C24002A93E9 /* GoesToBackground.app */,
			);
			name = Products;
			sourceTree = "<group>";
		};
/* End PBXGroup section */

/* Begin PBXNativeTarget section */
		879BA049268A8C24002A93E9 /* GoesToBackground (iOS) */ = {
			isa = PBXNativeTarget;
			buildConfigurationList = 879BA059268A8C24002A93E9 /* Build configuration list for PBXNativeTarget "GoesToBackground (iOS)" */;
			buildPhases = (
				879BA046268A8C24002A93E9 /* Sources */,
				879BA047268A8C24002A93E9 /* Frameworks */,
				879BA048268A8C24002A93E9 /* Resources */,
			);
			buildRules = (
			);
			dependencies = (
			);
			name = "GoesToBackground (iOS)";
			productName = "ObjectWillChange (iOS)";
			productReference = 879BA04A268A8C24002A93E9 /* GoesToBackground.app */;
			productType = "com.apple.product-type.application";
		};
		879BA04F268A8C24002A93E9 /* GoesToBackground (macOS) */ = {
			isa = PBXNativeTarget;
			buildConfigurationList = 879BA05C268A8C24002A93E9 /* Build configuration list for PBXNativeTarget "GoesToBackground (macOS)" */;
			buildPhases = (
				879BA04C268A8C24002A93E9 /* Sources */,
				879BA04D268A8C24002A93E9 /* Frameworks */,
				879BA04E268A8C24002A93E9 /* Resources */,
			);
			buildRules = (
			);
			dependencies = (
			);
			name = "GoesToBackground (macOS)";
			productName = "ObjectWillChange (macOS)";
			productReference = 879BA050268A8C24002A93E9 /* GoesToBackground.app */;
			productType = "com.apple.product-type.application";
		};
/* End PBXNativeTarget section */

/* Begin PBXProject section */
		879BA03E268A8C20002A93E9 /* Project object */ = {
			isa = PBXProject;
			attributes = {
				BuildIndependentTargetsInParallel = 1;
				LastSwiftUpdateCheck = 1300;
				LastUpgradeCheck = 1300;
				TargetAttributes = {
					879BA049268A8C24002A93E9 = {
						CreatedOnToolsVersion = 13.0;
					};
					879BA04F268A8C24002A93E9 = {
						CreatedOnToolsVersion = 13.0;
					};
				};
			};
			buildConfigurationList = 879BA041268A8C20002A93E9 /* Build configuration list for PBXProject "GoesToBackground" */;
			compatibilityVersion = "Xcode 13.0";
			developmentRegion = en;
			hasScannedForEncodings = 0;
			knownRegions = (
				en,
				Base,
			);
			mainGroup = 879BA03D268A8C20002A93E9;
			productRefGroup = 879BA04B268A8C24002A93E9 /* Products */;
			projectDirPath = "";
			projectRoot = "";
			targets = (
				879BA049268A8C24002A93E9 /* GoesToBackground (iOS) */,
				879BA04F268A8C24002A93E9 /* GoesToBackground (macOS) */,
			);
		};
/* End PBXProject section */

/* Begin PBXResourcesBuildPhase section */
		879BA048268A8C24002A93E9 /* Resources */ = {
			isa = PBXResourcesBuildPhase;
			buildActionMask = 2147483647;
			files = (
				879BA055268A8C24002A93E9 /* Assets.xcassets in Resources */,
			);
			runOnlyForDeploymentPostprocessing = 0;
		};
		879BA04E268A8C24002A93E9 /* Resources */ = {
			isa = PBXResourcesBuildPhase;
			buildActionMask = 2147483647;
			files = (
				879BA056268A8C24002A93E9 /* Assets.xcassets in Resources */,
			);
			runOnlyForDeploymentPostprocessing = 0;
		};
/* End PBXResourcesBuildPhase section */

/* Begin PBXSourcesBuildPhase section */
		879BA046268A8C24002A93E9 /* Sources */ = {
			isa = PBXSourcesBuildPhase;
			buildActionMask = 2147483647;
			files = (
				879BA053268A8C24002A93E9 /* NotificationMethodView.swift in Sources */,
				879BA063268A9246002A93E9 /* ScenePhaseMethod.swift in Sources */,
				879BA051268A8C24002A93E9 /* GoesToBackgroundApp.swift in Sources */,
				879BA060268A91E3002A93E9 /* ContentView.swift in Sources */,
				87049F97268AF8A500D0671B /* Date+Helpers.swift in Sources */,
			);
			runOnlyForDeploymentPostprocessing = 0;
		};
		879BA04C268A8C24002A93E9 /* Sources */ = {
			isa = PBXSourcesBuildPhase;
			buildActionMask = 2147483647;
			files = (
				879BA054268A8C24002A93E9 /* NotificationMethodView.swift in Sources */,
				879BA064268A9246002A93E9 /* ScenePhaseMethod.swift in Sources */,
				879BA052268A8C24002A93E9 /* GoesToBackgroundApp.swift in Sources */,
				879BA061268A91E3002A93E9 /* ContentView.swift in Sources */,
				87049F98268AF8A500D0671B /* Date+Helpers.swift in Sources */,
			);
			runOnlyForDeploymentPostprocessing = 0;
		};
/* End PBXSourcesBuildPhase section */

/* Begin XCBuildConfiguration section */
		879BA057268A8C24002A93E9 /* Debug */ = {
			isa = XCBuildConfiguration;
			buildSettings = {
				ALWAYS_SEARCH_USER_PATHS = NO;
				CLANG_ANALYZER_NONNULL = YES;
				CLANG_ANALYZER_NUMBER_OBJECT_CONVERSION = YES_AGGRESSIVE;
				CLANG_CXX_LANGUAGE_STANDARD = "gnu++14";
				CLANG_CXX_LIBRARY = "libc++";
				CLANG_ENABLE_MODULES = YES;
				CLANG_ENABLE_OBJC_ARC = YES;
				CLANG_ENABLE_OBJC_WEAK = YES;
				CLANG_WARN_BLOCK_CAPTURE_AUTORELEASING = YES;
				CLANG_WARN_BOOL_CONVERSION = YES;
				CLANG_WARN_COMMA = YES;
				CLANG_WARN_CONSTANT_CONVERSION = YES;
				CLANG_WARN_DEPRECATED_OBJC_IMPLEMENTATIONS = YES;
				CLANG_WARN_DIRECT_OBJC_ISA_USAGE = YES_ERROR;
				CLANG_WARN_DOCUMENTATION_COMMENTS = YES;
				CLANG_WARN_EMPTY_BODY = YES;
				CLANG_WARN_ENUM_CONVERSION = YES;
				CLANG_WARN_INFINITE_RECURSION = YES;
				CLANG_WARN_INT_CONVERSION = YES;
				CLANG_WARN_NON_LITERAL_NULL_CONVERSION = YES;
				CLANG_WARN_OBJC_IMPLICIT_RETAIN_SELF = YES;
				CLANG_WARN_OBJC_LITERAL_CONVERSION = YES;
				CLANG_WARN_OBJC_ROOT_CLASS = YES_ERROR;
				CLANG_WARN_QUOTED_INCLUDE_IN_FRAMEWORK_HEADER = YES;
				CLANG_WARN_RANGE_LOOP_ANALYSIS = YES;
				CLANG_WARN_STRICT_PROTOTYPES = YES;
				CLANG_WARN_SUSPICIOUS_MOVE = YES;
				CLANG_WARN_UNGUARDED_AVAILABILITY = YES_AGGRESSIVE;
				CLANG_WARN_UNREACHABLE_CODE = YES;
				CLANG_WARN__DUPLICATE_METHOD_MATCH = YES;
				COPY_PHASE_STRIP = NO;
				DEBUG_INFORMATION_FORMAT = dwarf;
				ENABLE_STRICT_OBJC_MSGSEND = YES;
				ENABLE_TESTABILITY = YES;
				GCC_C_LANGUAGE_STANDARD = gnu11;
				GCC_DYNAMIC_NO_PIC = NO;
				GCC_NO_COMMON_BLOCKS = YES;
				GCC_OPTIMIZATION_LEVEL = 0;
				GCC_PREPROCESSOR_DEFINITIONS = (
					"DEBUG=1",
					"$(inherited)",
				);
				GCC_WARN_64_TO_32_BIT_CONVERSION = YES;
				GCC_WARN_ABOUT_RETURN_TYPE = YES_ERROR;
				GCC_WARN_UNDECLARED_SELECTOR = YES;
				GCC_WARN_UNINITIALIZED_AUTOS = YES_AGGRESSIVE;
				GCC_WARN_UNUSED_FUNCTION = YES;
				GCC_WARN_UNUSED_VARIABLE = YES;
				MTL_ENABLE_DEBUG_INFO = INCLUDE_SOURCE;
				MTL_FAST_MATH = YES;
				ONLY_ACTIVE_ARCH = YES;
				SWIFT_ACTIVE_COMPILATION_CONDITIONS = DEBUG;
				SWIFT_OPTIMIZATION_LEVEL = "-Onone";
			};
			name = Debug;
		};
		879BA058268A8C24002A93E9 /* Release */ = {
			isa = XCBuildConfiguration;
			buildSettings = {
				ALWAYS_SEARCH_USER_PATHS = NO;
				CLANG_ANALYZER_NONNULL = YES;
				CLANG_ANALYZER_NUMBER_OBJECT_CONVERSION = YES_AGGRESSIVE;
				CLANG_CXX_LANGUAGE_STANDARD = "gnu++14";
				CLANG_CXX_LIBRARY = "libc++";
				CLANG_ENABLE_MODULES = YES;
				CLANG_ENABLE_OBJC_ARC = YES;
				CLANG_ENABLE_OBJC_WEAK = YES;
				CLANG_WARN_BLOCK_CAPTURE_AUTORELEASING = YES;
				CLANG_WARN_BOOL_CONVERSION = YES;
				CLANG_WARN_COMMA = YES;
				CLANG_WARN_CONSTANT_CONVERSION = YES;
				CLANG_WARN_DEPRECATED_OBJC_IMPLEMENTATIONS = YES;
				CLANG_WARN_DIRECT_OBJC_ISA_USAGE = YES_ERROR;
				CLANG_WARN_DOCUMENTATION_COMMENTS = YES;
				CLANG_WARN_EMPTY_BODY = YES;
				CLANG_WARN_ENUM_CONVERSION = YES;
				CLANG_WARN_INFINITE_RECURSION = YES;
				CLANG_WARN_INT_CONVERSION = YES;
				CLANG_WARN_NON_LITERAL_NULL_CONVERSION = YES;
				CLANG_WARN_OBJC_IMPLICIT_RETAIN_SELF = YES;
				CLANG_WARN_OBJC_LITERAL_CONVERSION = YES;
				CLANG_WARN_OBJC_ROOT_CLASS = YES_ERROR;
				CLANG_WARN_QUOTED_INCLUDE_IN_FRAMEWORK_HEADER = YES;
				CLANG_WARN_RANGE_LOOP_ANALYSIS = YES;
				CLANG_WARN_STRICT_PROTOTYPES = YES;
				CLANG_WARN_SUSPICIOUS_MOVE = YES;
				CLANG_WARN_UNGUARDED_AVAILABILITY = YES_AGGRESSIVE;
				CLANG_WARN_UNREACHABLE_CODE = YES;
				CLANG_WARN__DUPLICATE_METHOD_MATCH = YES;
				COPY_PHASE_STRIP = NO;
				DEBUG_INFORMATION_FORMAT = "dwarf-with-dsym";
				ENABLE_NS_ASSERTIONS = NO;
				ENABLE_STRICT_OBJC_MSGSEND = YES;
				GCC_C_LANGUAGE_STANDARD = gnu11;
				GCC_NO_COMMON_BLOCKS = YES;
				GCC_WARN_64_TO_32_BIT_CONVERSION = YES;
				GCC_WARN_ABOUT_RETURN_TYPE = YES_ERROR;
				GCC_WARN_UNDECLARED_SELECTOR = YES;
				GCC_WARN_UNINITIALIZED_AUTOS = YES_AGGRESSIVE;
				GCC_WARN_UNUSED_FUNCTION = YES;
				GCC_WARN_UNUSED_VARIABLE = YES;
				MTL_ENABLE_DEBUG_INFO = NO;
				MTL_FAST_MATH = YES;
				SWIFT_COMPILATION_MODE = wholemodule;
				SWIFT_OPTIMIZATION_LEVEL = "-O";
			};
			name = Release;
		};
		879BA05A268A8C24002A93E9 /* Debug */ = {
			isa = XCBuildConfiguration;
			buildSettings = {
				ASSETCATALOG_COMPILER_APPICON_NAME = AppIcon;
				ASSETCATALOG_COMPILER_GLOBAL_ACCENT_COLOR_NAME = AccentColor;
				CODE_SIGN_STYLE = Automatic;
				CURRENT_PROJECT_VERSION = 1;
				DEVELOPMENT_TEAM = 678NFC24L5;
				ENABLE_PREVIEWS = YES;
				GENERATE_INFOPLIST_FILE = YES;
				INFOPLIST_FILE = "GoesToBackground--iOS--Info.plist";
				INFOPLIST_KEY_CFBundleExecutable = GoesToBackground;
				INFOPLIST_KEY_CFBundleName = GoesToBackground;
				INFOPLIST_KEY_CFBundleVersion = 1;
				INFOPLIST_KEY_UIApplicationSceneManifest_Generation = YES;
				INFOPLIST_KEY_UIApplicationSupportsIndirectInputEvents = YES;
				INFOPLIST_KEY_UILaunchScreen_Generation = YES;
				INFOPLIST_KEY_UISupportedInterfaceOrientations_iPad = "UIInterfaceOrientationPortrait UIInterfaceOrientationPortraitUpsideDown UIInterfaceOrientationLandscapeLeft UIInterfaceOrientationLandscapeRight";
				INFOPLIST_KEY_UISupportedInterfaceOrientations_iPhone = "UIInterfaceOrientationPortrait UIInterfaceOrientationLandscapeLeft UIInterfaceOrientationLandscapeRight";
				IPHONEOS_DEPLOYMENT_TARGET = 14.0;
				LD_RUNPATH_SEARCH_PATHS = (
					"$(inherited)",
					"@executable_path/Frameworks",
				);
				MARKETING_VERSION = 1.0;
				PRODUCT_BUNDLE_IDENTIFIER = com.officialee.poopynoopers.GoesToBackground;
				PRODUCT_NAME = GoesToBackground;
				SDKROOT = iphoneos;
				SWIFT_EMIT_LOC_STRINGS = YES;
				SWIFT_VERSION = 5.0;
				TARGETED_DEVICE_FAMILY = "1,2";
			};
			name = Debug;
		};
		879BA05B268A8C24002A93E9 /* Release */ = {
			isa = XCBuildConfiguration;
			buildSettings = {
				ASSETCATALOG_COMPILER_APPICON_NAME = AppIcon;
				ASSETCATALOG_COMPILER_GLOBAL_ACCENT_COLOR_NAME = AccentColor;
				CODE_SIGN_STYLE = Automatic;
				CURRENT_PROJECT_VERSION = 1;
				DEVELOPMENT_TEAM = 678NFC24L5;
				ENABLE_PREVIEWS = YES;
				GENERATE_INFOPLIST_FILE = YES;
				INFOPLIST_FILE = "GoesToBackground--iOS--Info.plist";
				INFOPLIST_KEY_CFBundleExecutable = GoesToBackground;
				INFOPLIST_KEY_CFBundleName = GoesToBackground;
				INFOPLIST_KEY_CFBundleVersion = 1;
				INFOPLIST_KEY_UIApplicationSceneManifest_Generation = YES;
				INFOPLIST_KEY_UIApplicationSupportsIndirectInputEvents = YES;
				INFOPLIST_KEY_UILaunchScreen_Generation = YES;
				INFOPLIST_KEY_UISupportedInterfaceOrientations_iPad = "UIInterfaceOrientationPortrait UIInterfaceOrientationPortraitUpsideDown UIInterfaceOrientationLandscapeLeft UIInterfaceOrientationLandscapeRight";
				INFOPLIST_KEY_UISupportedInterfaceOrientations_iPhone = "UIInterfaceOrientationPortrait UIInterfaceOrientationLandscapeLeft UIInterfaceOrientationLandscapeRight";
				IPHONEOS_DEPLOYMENT_TARGET = 14.0;
				LD_RUNPATH_SEARCH_PATHS = (
					"$(inherited)",
					"@executable_path/Frameworks",
				);
				MARKETING_VERSION = 1.0;
				PRODUCT_BUNDLE_IDENTIFIER = com.officialee.poopynoopers.GoesToBackground;
				PRODUCT_NAME = GoesToBackground;
				SDKROOT = iphoneos;
				SWIFT_EMIT_LOC_STRINGS = YES;
				SWIFT_VERSION = 5.0;
				TARGETED_DEVICE_FAMILY = "1,2";
				VALIDATE_PRODUCT = YES;
			};
			name = Release;
		};
		879BA05D268A8C24002A93E9 /* Debug */ = {
			isa = XCBuildConfiguration;
			buildSettings = {
				ASSETCATALOG_COMPILER_APPICON_NAME = AppIcon;
				ASSETCATALOG_COMPILER_GLOBAL_ACCENT_COLOR_NAME = AccentColor;
				CODE_SIGN_STYLE = Automatic;
				COMBINE_HIDPI_IMAGES = YES;
				CURRENT_PROJECT_VERSION = 1;
				DEVELOPMENT_TEAM = 678NFC24L5;
				ENABLE_APP_SANDBOX = YES;
				ENABLE_HARDENED_RUNTIME = YES;
				ENABLE_PREVIEWS = YES;
				ENABLE_USER_SELECTED_FILES = readonly;
				GENERATE_INFOPLIST_FILE = YES;
				INFOPLIST_KEY_CFBundleExecutable = GoesToBackground;
				INFOPLIST_KEY_CFBundleName = GoesToBackground;
				INFOPLIST_KEY_CFBundleVersion = 1;
				INFOPLIST_KEY_NSHumanReadableCopyright = "";
				LD_RUNPATH_SEARCH_PATHS = (
					"$(inherited)",
					"@executable_path/../Frameworks",
				);
				MACOSX_DEPLOYMENT_TARGET = 11.0;
				MARKETING_VERSION = 1.0;
				PRODUCT_BUNDLE_IDENTIFIER = com.officialee.poopynoopers.GoesToBackground;
				PRODUCT_NAME = GoesToBackground;
				SDKROOT = macosx;
				SWIFT_EMIT_LOC_STRINGS = YES;
				SWIFT_VERSION = 5.0;
			};
			name = Debug;
		};
		879BA05E268A8C24002A93E9 /* Release */ = {
			isa = XCBuildConfiguration;
			buildSettings = {
				ASSETCATALOG_COMPILER_APPICON_NAME = AppIcon;
				ASSETCATALOG_COMPILER_GLOBAL_ACCENT_COLOR_NAME = AccentColor;
				CODE_SIGN_STYLE = Automatic;
				COMBINE_HIDPI_IMAGES = YES;
				CURRENT_PROJECT_VERSION = 1;
				DEVELOPMENT_TEAM = 678NFC24L5;
				ENABLE_APP_SANDBOX = YES;
				ENABLE_HARDENED_RUNTIME = YES;
				ENABLE_PREVIEWS = YES;
				ENABLE_USER_SELECTED_FILES = readonly;
				GENERATE_INFOPLIST_FILE = YES;
				INFOPLIST_KEY_CFBundleExecutable = GoesToBackground;
				INFOPLIST_KEY_CFBundleName = GoesToBackground;
				INFOPLIST_KEY_CFBundleVersion = 1;
				INFOPLIST_KEY_NSHumanReadableCopyright = "";
				LD_RUNPATH_SEARCH_PATHS = (
					"$(inherited)",
					"@executable_path/../Frameworks",
				);
				MACOSX_DEPLOYMENT_TARGET = 11.0;
				MARKETING_VERSION = 1.0;
				PRODUCT_BUNDLE_IDENTIFIER = com.officialee.poopynoopers.GoesToBackground;
				PRODUCT_NAME = GoesToBackground;
				SDKROOT = macosx;
				SWIFT_EMIT_LOC_STRINGS = YES;
				SWIFT_VERSION = 5.0;
			};
			name = Release;
		};
/* End XCBuildConfiguration section */

/* Begin XCConfigurationList section */
		879BA041268A8C20002A93E9 /* Build configuration list for PBXProject "GoesToBackground" */ = {
			isa = XCConfigurationList;
			buildConfigurations = (
				879BA057268A8C24002A93E9 /* Debug */,
				879BA058268A8C24002A93E9 /* Release */,
			);
			defaultConfigurationIsVisible = 0;
			defaultConfigurationName = Release;
		};
		879BA059268A8C24002A93E9 /* Build configuration list for PBXNativeTarget "GoesToBackground (iOS)" */ = {
			isa = XCConfigurationList;
			buildConfigurations = (
				879BA05A268A8C24002A93E9 /* Debug */,
				879BA05B268A8C24002A93E9 /* Release */,
			);
			defaultConfigurationIsVisible = 0;
			defaultConfigurationName = Release;
		};
		879BA05C268A8C24002A93E9 /* Build configuration list for PBXNativeTarget "GoesToBackground (macOS)" */ = {
			isa = XCConfigurationList;
			buildConfigurations = (
				879BA05D268A8C24002A93E9 /* Debug */,
				879BA05E268A8C24002A93E9 /* Release */,
			);
			defaultConfigurationIsVisible = 0;
			defaultConfigurationName = Release;
		};
/* End XCConfigurationList section */
	};
	rootObject = 879BA03E268A8C20002A93E9 /* Project object */;
}
